
Microsoft Visual Studio Solution File, Format Version 12.00
# Visual Studio Version 16
VisualStudioVersion = 16.0.31424.327
MinimumVisualStudioVersion = 10.0.40219.1
Project("{FAE04EC0-301F-11D3-BF4B-00C04F79EFBC}") = "WFAAgent", "WFAAgent\WFAAgent.csproj", "{8993DE8E-D975-4B09-BF3E-877DC9949B59}"
EndProject
Project("{FAE04EC0-301F-11D3-BF4B-00C04F79EFBC}") = "WFAAgent.Framework", "WFAAgent.Framework\WFAAgent.Framework.csproj", "{EEADBD41-B67B-492C-B8DF-FB16B6182C96}"
EndProject
Project("{2150E333-8FDC-42A3-9474-1A3956D46DE8}") = "Solution Items", "Solution Items", "{751B9269-CD68-4408-8803-D217549C2CC3}"
	ProjectSection(SolutionItems) = preProject
		README.md = README.md
	EndProjectSection
EndProject
Project("{FAE04EC0-301F-11D3-BF4B-00C04F79EFBC}") = "TestClientNet45", "TestClientNet45\TestClientNet45.csproj", "{3EA90DB7-D92C-4C47-B975-FDCCACD7B544}"
EndProject
Project("{FAE04EC0-301F-11D3-BF4B-00C04F79EFBC}") = "WFAAgent.UnitTest", "WFAAgent.UnitTest\WFAAgent.UnitTest.csproj", "{9F1E971A-C57F-4D73-B3DF-1CA1318F8A3B}"
EndProject
Project("{2150E333-8FDC-42A3-9474-1A3956D46DE8}") = "WebContent", "WebContent", "{A08D0FFA-27A8-484D-9A66-0082E8C2A510}"
	ProjectSection(SolutionItems) = preProject
		WebContent\css\bootstrap.css = WebContent\css\bootstrap.css
		WebContent\js\bootstrap.js = WebContent\js\bootstrap.js
		WebContent\Test.html = WebContent\Test.html
		WebContent\WFAAgent.js = WebContent\WFAAgent.js
	EndProjectSection
EndProject
Project("{FAE04EC0-301F-11D3-BF4B-00C04F79EFBC}") = "CommonLibrary", "..\CommonLibrary\CommonLibrary\CommonLibrary.csproj", "{A2902C7D-7EB2-4006-89BE-A98FB431CE09}"
EndProject
Global
	GlobalSection(SolutionConfigurationPlatforms) = preSolution
		Debug|Any CPU = Debug|Any CPU
		Debug|ARM = Debug|ARM
		Debug|x64 = Debug|x64
		Debug|x86 = Debug|x86
		Release|Any CPU = Release|Any CPU
		Release|ARM = Release|ARM
		Release|x64 = Release|x64
		Release|x86 = Release|x86
	EndGlobalSection
	GlobalSection(ProjectConfigurationPlatforms) = postSolution
		{8993DE8E-D975-4B09-BF3E-877DC9949B59}.Debug|Any CPU.ActiveCfg = Debug|Any CPU
		{8993DE8E-D975-4B09-BF3E-877DC9949B59}.Debug|Any CPU.Build.0 = Debug|Any CPU
		{8993DE8E-D975-4B09-BF3E-877DC9949B59}.Debug|ARM.ActiveCfg = Debug|Any CPU
		{8993DE8E-D975-4B09-BF3E-877DC9949B59}.Debug|ARM.Build.0 = Debug|Any CPU
		{8993DE8E-D975-4B09-BF3E-877DC9949B59}.Debug|x64.ActiveCfg = Debug|Any CPU
		{8993DE8E-D975-4B09-BF3E-877DC9949B59}.Debug|x64.Build.0 = Debug|Any CPU
		{8993DE8E-D975-4B09-BF3E-877DC9949B59}.Debug|x86.ActiveCfg = Debug|Any CPU
		{8993DE8E-D975-4B09-BF3E-877DC9949B59}.Debug|x86.Build.0 = Debug|Any CPU
		{8993DE8E-D975-4B09-BF3E-877DC9949B59}.Release|Any CPU.ActiveCfg = Release|Any CPU
		{8993DE8E-D975-4B09-BF3E-877DC9949B59}.Release|Any CPU.Build.0 = Release|Any CPU
		{8993DE8E-D975-4B09-BF3E-877DC9949B59}.Release|ARM.ActiveCfg = Release|Any CPU
		{8993DE8E-D975-4B09-BF3E-877DC9949B59}.Release|ARM.Build.0 = Release|Any CPU
		{8993DE8E-D975-4B09-BF3E-877DC9949B59}.Release|x64.ActiveCfg = Release|Any CPU
		{8993DE8E-D975-4B09-BF3E-877DC9949B59}.Release|x64.Build.0 = Release|Any CPU
		{8993DE8E-D975-4B09-BF3E-877DC9949B59}.Release|x86.ActiveCfg = Release|Any CPU
		{8993DE8E-D975-4B09-BF3E-877DC9949B59}.Release|x86.Build.0 = Release|Any CPU
		{EEADBD41-B67B-492C-B8DF-FB16B6182C96}.Debug|Any CPU.ActiveCfg = Debug|Any CPU
		{EEADBD41-B67B-492C-B8DF-FB16B6182C96}.Debug|Any CPU.Build.0 = Debug|Any CPU
		{EEADBD41-B67B-492C-B8DF-FB16B6182C96}.Debug|ARM.ActiveCfg = Debug|Any CPU
		{EEADBD41-B67B-492C-B8DF-FB16B6182C96}.Debug|ARM.Build.0 = Debug|Any CPU
		{EEADBD41-B67B-492C-B8DF-FB16B6182C96}.Debug|x64.ActiveCfg = Debug|Any CPU
		{EEADBD41-B67B-492C-B8DF-FB16B6182C96}.Debug|x64.Build.0 = Debug|Any CPU
		{EEADBD41-B67B-492C-B8DF-FB16B6182C96}.Debug|x86.ActiveCfg = Debug|Any CPU
		{EEADBD41-B67B-492C-B8DF-FB16B6182C96}.Debug|x86.Build.0 = Debug|Any CPU
		{EEADBD41-B67B-492C-B8DF-FB16B6182C96}.Release|Any CPU.ActiveCfg = Release|Any CPU
		{EEADBD41-B67B-492C-B8DF-FB16B6182C96}.Release|Any CPU.Build.0 = Release|Any CPU
		{EEADBD41-B67B-492C-B8DF-FB16B6182C96}.Release|ARM.ActiveCfg = Release|Any CPU
		{EEADBD41-B67B-492C-B8DF-FB16B6182C96}.Release|ARM.Build.0 = Release|Any CPU
		{EEADBD41-B67B-492C-B8DF-FB16B6182C96}.Release|x64.ActiveCfg = Release|Any CPU
		{EEADBD41-B67B-492C-B8DF-FB16B6182C96}.Release|x64.Build.0 = Release|Any CPU
		{EEADBD41-B67B-492C-B8DF-FB16B6182C96}.Release|x86.ActiveCfg = Release|Any CPU
		{EEADBD41-B67B-492C-B8DF-FB16B6182C96}.Release|x86.Build.0 = Release|Any CPU
		{3EA90DB7-D92C-4C47-B975-FDCCACD7B544}.Debug|Any CPU.ActiveCfg = Debug|Any CPU
		{3EA90DB7-D92C-4C47-B975-FDCCACD7B544}.Debug|Any CPU.Build.0 = Debug|Any CPU
		{3EA90DB7-D92C-4C47-B975-FDCCACD7B544}.Debug|ARM.ActiveCfg = Debug|Any CPU
		{3EA90DB7-D92C-4C47-B975-FDCCACD7B544}.Debug|ARM.Build.0 = Debug|Any CPU
		{3EA90DB7-D92C-4C47-B975-FDCCACD7B544}.Debug|x64.ActiveCfg = Debug|Any CPU
		{3EA90DB7-D92C-4C47-B975-FDCCACD7B544}.Debug|x64.Build.0 = Debug|Any CPU
		{3EA90DB7-D92C-4C47-B975-FDCCACD7B544}.Debug|x86.ActiveCfg = Debug|Any CPU
		{3EA90DB7-D92C-4C47-B975-FDCCACD7B544}.Debug|x86.Build.0 = Debug|Any CPU
		{3EA90DB7-D92C-4C47-B975-FDCCACD7B544}.Release|Any CPU.ActiveCfg = Release|Any CPU
		{3EA90DB7-D92C-4C47-B975-FDCCACD7B544}.Release|Any CPU.Build.0 = Release|Any CPU
		{3EA90DB7-D92C-4C47-B975-FDCCACD7B544}.Release|ARM.ActiveCfg = Release|Any CPU
		{3EA90DB7-D92C-4C47-B975-FDCCACD7B544}.Release|ARM.Build.0 = Release|Any CPU
		{3EA90DB7-D92C-4C47-B975-FDCCACD7B544}.Release|x64.ActiveCfg = Release|Any CPU
		{3EA90DB7-D92C-4C47-B975-FDCCACD7B544}.Release|x64.Build.0 = Release|Any CPU
		{3EA90DB7-D92C-4C47-B975-FDCCACD7B544}.Release|x86.ActiveCfg = Release|Any CPU
		{3EA90DB7-D92C-4C47-B975-FDCCACD7B544}.Release|x86.Build.0 = Release|Any CPU
		{9F1E971A-C57F-4D73-B3DF-1CA1318F8A3B}.Debug|Any CPU.ActiveCfg = Debug|Any CPU
		{9F1E971A-C57F-4D73-B3DF-1CA1318F8A3B}.Debug|Any CPU.Build.0 = Debug|Any CPU
		{9F1E971A-C57F-4D73-B3DF-1CA1318F8A3B}.Debug|ARM.ActiveCfg = Debug|Any CPU
		{9F1E971A-C57F-4D73-B3DF-1CA1318F8A3B}.Debug|ARM.Build.0 = Debug|Any CPU
		{9F1E971A-C57F-4D73-B3DF-1CA1318F8A3B}.Debug|x64.ActiveCfg = Debug|Any CPU
		{9F1E971A-C57F-4D73-B3DF-1CA1318F8A3B}.Debug|x64.Build.0 = Debug|Any CPU
		{9F1E971A-C57F-4D73-B3DF-1CA1318F8A3B}.Debug|x86.ActiveCfg = Debug|Any CPU
		{9F1E971A-C57F-4D73-B3DF-1CA1318F8A3B}.Debug|x86.Build.0 = Debug|Any CPU
		{9F1E971A-C57F-4D73-B3DF-1CA1318F8A3B}.Release|Any CPU.ActiveCfg = Release|Any CPU
		{9F1E971A-C57F-4D73-B3DF-1CA1318F8A3B}.Release|Any CPU.Build.0 = Release|Any CPU
		{9F1E971A-C57F-4D73-B3DF-1CA1318F8A3B}.Release|ARM.ActiveCfg = Release|Any CPU
		{9F1E971A-C57F-4D73-B3DF-1CA1318F8A3B}.Release|ARM.Build.0 = Release|Any CPU
		{9F1E971A-C57F-4D73-B3DF-1CA1318F8A3B}.Release|x64.ActiveCfg = Release|Any CPU
		{9F1E971A-C57F-4D73-B3DF-1CA1318F8A3B}.Release|x64.Build.0 = Release|Any CPU
		{9F1E971A-C57F-4D73-B3DF-1CA1318F8A3B}.Release|x86.ActiveCfg = Release|Any CPU
		{9F1E971A-C57F-4D73-B3DF-1CA1318F8A3B}.Release|x86.Build.0 = Release|Any CPU
		{A2902C7D-7EB2-4006-89BE-A98FB431CE09}.Debug|Any CPU.ActiveCfg = Debug|Any CPU
		{A2902C7D-7EB2-4006-89BE-A98FB431CE09}.Debug|Any CPU.Build.0 = Debug|Any CPU
		{A2902C7D-7EB2-4006-89BE-A98FB431CE09}.Debug|ARM.ActiveCfg = Debug|Any CPU
		{A2902C7D-7EB2-4006-89BE-A98FB431CE09}.Debug|ARM.Build.0 = Debug|Any CPU
		{A2902C7D-7EB2-4006-89BE-A98FB431CE09}.Debug|x64.ActiveCfg = Debug|Any CPU
		{A2902C7D-7EB2-4006-89BE-A98FB431CE09}.Debug|x64.Build.0 = Debug|Any CPU
		{A2902C7D-7EB2-4006-89BE-A98FB431CE09}.Debug|x86.ActiveCfg = Debug|Any CPU
		{A2902C7D-7EB2-4006-89BE-A98FB431CE09}.Debug|x86.Build.0 = Debug|Any CPU
		{A2902C7D-7EB2-4006-89BE-A98FB431CE09}.Release|Any CPU.ActiveCfg = Release|Any CPU
		{A2902C7D-7EB2-4006-89BE-A98FB431CE09}.Release|Any CPU.Build.0 = Release|Any CPU
		{A2902C7D-7EB2-4006-89BE-A98FB431CE09}.Release|ARM.ActiveCfg = Release|Any CPU
		{A2902C7D-7EB2-4006-89BE-A98FB431CE09}.Release|ARM.Build.0 = Release|Any CPU
		{A2902C7D-7EB2-4006-89BE-A98FB431CE09}.Release|x64.ActiveCfg = Release|Any CPU
		{A2902C7D-7EB2-4006-89BE-A98FB431CE09}.Release|x64.Build.0 = Release|Any CPU
		{A2902C7D-7EB2-4006-89BE-A98FB431CE09}.Release|x86.ActiveCfg = Release|Any CPU
		{A2902C7D-7EB2-4006-89BE-A98FB431CE09}.Release|x86.Build.0 = Release|Any CPU
	EndGlobalSection
	GlobalSection(SolutionProperties) = preSolution
		HideSolutionNode = FALSE
	EndGlobalSection
	GlobalSection(ExtensibilityGlobals) = postSolution
		SolutionGuid = {2B0888FF-0456-4D04-9FC3-6D8BCE8EF0C5}
	EndGlobalSection
EndGlobal
